
Microsoft Visual Studio Solution File, Format Version 12.00
# Visual Studio Version 17
VisualStudioVersion = 17.0.32112.339
MinimumVisualStudioVersion = 10.0.40219.1
Project("{FAE04EC0-301F-11D3-BF4B-00C04F79EFBC}") = "lifestyle", "lifestyle\lifestyle.csproj", "{5E49C14E-B123-41BD-8A1E-EDC9FA52400A}"
EndProject
Global
	GlobalSection(SolutionConfigurationPlatforms) = preSolution
		Debug|Any CPU = Debug|Any CPU
		Release|Any CPU = Release|Any CPU
	EndGlobalSection
	GlobalSection(ProjectConfigurationPlatforms) = postSolution
		{5E49C14E-B123-41BD-8A1E-EDC9FA52400A}.Debug|Any CPU.ActiveCfg = Debug|Any CPU
		{5E49C14E-B123-41BD-8A1E-EDC9FA52400A}.Debug|Any CPU.Build.0 = Debug|Any CPU
		{5E49C14E-B123-41BD-8A1E-EDC9FA52400A}.Release|Any CPU.ActiveCfg = Release|Any CPU
		{5E49C14E-B123-41BD-8A1E-EDC9FA52400A}.Release|Any CPU.Build.0 = Release|Any CPU
	EndGlobalSection
	GlobalSection(SolutionProperties) = preSolution
		HideSolutionNode = FALSE
	EndGlobalSection
	GlobalSection(ExtensibilityGlobals) = postSolution
		SolutionGuid = {E8AA99EF-10FD-4886-A60B-E65A4357BC4B}
	EndGlobalSection
EndGlobal
